
Microsoft Visual Studio Solution File, Format Version 12.00
# Visual Studio Version 17
VisualStudioVersion = 17.8.34525.116
MinimumVisualStudioVersion = 10.0.40219.1
Project("{FAE04EC0-301F-11D3-BF4B-00C04F79EFBC}") = "Console.PeaksOfThePark", "Console.PeaksOfThePark\Console.PeaksOfThePark.csproj", "{764BA07D-1926-4030-B122-682BB05D89D6}"
EndProject
Project("{FAE04EC0-301F-11D3-BF4B-00C04F79EFBC}") = "Console.FastestWay", "Console.FastestWay\Console.FastestWay.csproj", "{50AEE583-47B9-4E7B-9D4E-6C4F501A3873}"
EndProject
Project("{2150E333-8FDC-42A3-9474-1A3956D46DE8}") = "Ui", "Ui", "{A4BEA981-D2DE-4824-B41F-D2EA6D9D0AFC}"
EndProject
Project("{2150E333-8FDC-42A3-9474-1A3956D46DE8}") = "Model", "Model", "{118C50C4-7555-4CED-B3A7-2AEA97D87C61}"
EndProject
Project("{FAE04EC0-301F-11D3-BF4B-00C04F79EFBC}") = "Image", "Image\Image.csproj", "{894B6506-1261-492E-89DC-E7C668EE301E}"
EndProject
Project("{FAE04EC0-301F-11D3-BF4B-00C04F79EFBC}") = "ConvexHull", "OuelletConvexHull\ConvexHull.csproj", "{20F87FD6-EEE7-484C-8EF1-536B9344BFBB}"
EndProject
Project("{FAE04EC0-301F-11D3-BF4B-00C04F79EFBC}") = "Service", "Service\Service.csproj", "{579142CF-8EA0-4A9D-B33F-6FDE6C66E7F7}"
EndProject
Project("{FAE04EC0-301F-11D3-BF4B-00C04F79EFBC}") = "DataBase", "DataBase\DataBase.csproj", "{F95C6E97-B885-4FE9-AFC9-21AD86B5D011}"
EndProject
Global
	GlobalSection(SolutionConfigurationPlatforms) = preSolution
		Debug|Any CPU = Debug|Any CPU
		Debug|x64 = Debug|x64
		Debug|x86 = Debug|x86
		Release|Any CPU = Release|Any CPU
		Release|x64 = Release|x64
		Release|x86 = Release|x86
	EndGlobalSection
	GlobalSection(ProjectConfigurationPlatforms) = postSolution
		{764BA07D-1926-4030-B122-682BB05D89D6}.Debug|Any CPU.ActiveCfg = Debug|Any CPU
		{764BA07D-1926-4030-B122-682BB05D89D6}.Debug|Any CPU.Build.0 = Debug|Any CPU
		{764BA07D-1926-4030-B122-682BB05D89D6}.Debug|x64.ActiveCfg = Debug|Any CPU
		{764BA07D-1926-4030-B122-682BB05D89D6}.Debug|x64.Build.0 = Debug|Any CPU
		{764BA07D-1926-4030-B122-682BB05D89D6}.Debug|x86.ActiveCfg = Debug|Any CPU
		{764BA07D-1926-4030-B122-682BB05D89D6}.Debug|x86.Build.0 = Debug|Any CPU
		{764BA07D-1926-4030-B122-682BB05D89D6}.Release|Any CPU.ActiveCfg = Release|Any CPU
		{764BA07D-1926-4030-B122-682BB05D89D6}.Release|Any CPU.Build.0 = Release|Any CPU
		{764BA07D-1926-4030-B122-682BB05D89D6}.Release|x64.ActiveCfg = Release|Any CPU
		{764BA07D-1926-4030-B122-682BB05D89D6}.Release|x64.Build.0 = Release|Any CPU
		{764BA07D-1926-4030-B122-682BB05D89D6}.Release|x86.ActiveCfg = Release|Any CPU
		{764BA07D-1926-4030-B122-682BB05D89D6}.Release|x86.Build.0 = Release|Any CPU
		{50AEE583-47B9-4E7B-9D4E-6C4F501A3873}.Debug|Any CPU.ActiveCfg = Debug|Any CPU
		{50AEE583-47B9-4E7B-9D4E-6C4F501A3873}.Debug|Any CPU.Build.0 = Debug|Any CPU
		{50AEE583-47B9-4E7B-9D4E-6C4F501A3873}.Debug|x64.ActiveCfg = Debug|Any CPU
		{50AEE583-47B9-4E7B-9D4E-6C4F501A3873}.Debug|x64.Build.0 = Debug|Any CPU
		{50AEE583-47B9-4E7B-9D4E-6C4F501A3873}.Debug|x86.ActiveCfg = Debug|Any CPU
		{50AEE583-47B9-4E7B-9D4E-6C4F501A3873}.Debug|x86.Build.0 = Debug|Any CPU
		{50AEE583-47B9-4E7B-9D4E-6C4F501A3873}.Release|Any CPU.ActiveCfg = Release|Any CPU
		{50AEE583-47B9-4E7B-9D4E-6C4F501A3873}.Release|Any CPU.Build.0 = Release|Any CPU
		{50AEE583-47B9-4E7B-9D4E-6C4F501A3873}.Release|x64.ActiveCfg = Release|Any CPU
		{50AEE583-47B9-4E7B-9D4E-6C4F501A3873}.Release|x64.Build.0 = Release|Any CPU
		{50AEE583-47B9-4E7B-9D4E-6C4F501A3873}.Release|x86.ActiveCfg = Release|Any CPU
		{50AEE583-47B9-4E7B-9D4E-6C4F501A3873}.Release|x86.Build.0 = Release|Any CPU
		{894B6506-1261-492E-89DC-E7C668EE301E}.Debug|Any CPU.ActiveCfg = Debug|Any CPU
		{894B6506-1261-492E-89DC-E7C668EE301E}.Debug|Any CPU.Build.0 = Debug|Any CPU
		{894B6506-1261-492E-89DC-E7C668EE301E}.Debug|x64.ActiveCfg = Debug|Any CPU
		{894B6506-1261-492E-89DC-E7C668EE301E}.Debug|x64.Build.0 = Debug|Any CPU
		{894B6506-1261-492E-89DC-E7C668EE301E}.Debug|x86.ActiveCfg = Debug|Any CPU
		{894B6506-1261-492E-89DC-E7C668EE301E}.Debug|x86.Build.0 = Debug|Any CPU
		{894B6506-1261-492E-89DC-E7C668EE301E}.Release|Any CPU.ActiveCfg = Release|Any CPU
		{894B6506-1261-492E-89DC-E7C668EE301E}.Release|Any CPU.Build.0 = Release|Any CPU
		{894B6506-1261-492E-89DC-E7C668EE301E}.Release|x64.ActiveCfg = Release|Any CPU
		{894B6506-1261-492E-89DC-E7C668EE301E}.Release|x64.Build.0 = Release|Any CPU
		{894B6506-1261-492E-89DC-E7C668EE301E}.Release|x86.ActiveCfg = Release|Any CPU
		{894B6506-1261-492E-89DC-E7C668EE301E}.Release|x86.Build.0 = Release|Any CPU
		{20F87FD6-EEE7-484C-8EF1-536B9344BFBB}.Debug|Any CPU.ActiveCfg = Debug|Any CPU
		{20F87FD6-EEE7-484C-8EF1-536B9344BFBB}.Debug|Any CPU.Build.0 = Debug|Any CPU
		{20F87FD6-EEE7-484C-8EF1-536B9344BFBB}.Debug|x64.ActiveCfg = Debug|x64
		{20F87FD6-EEE7-484C-8EF1-536B9344BFBB}.Debug|x64.Build.0 = Debug|x64
		{20F87FD6-EEE7-484C-8EF1-536B9344BFBB}.Debug|x86.ActiveCfg = Debug|x86
		{20F87FD6-EEE7-484C-8EF1-536B9344BFBB}.Debug|x86.Build.0 = Debug|x86
		{20F87FD6-EEE7-484C-8EF1-536B9344BFBB}.Release|Any CPU.ActiveCfg = Release|Any CPU
		{20F87FD6-EEE7-484C-8EF1-536B9344BFBB}.Release|Any CPU.Build.0 = Release|Any CPU
		{20F87FD6-EEE7-484C-8EF1-536B9344BFBB}.Release|x64.ActiveCfg = Release|x64
		{20F87FD6-EEE7-484C-8EF1-536B9344BFBB}.Release|x64.Build.0 = Release|x64
		{20F87FD6-EEE7-484C-8EF1-536B9344BFBB}.Release|x86.ActiveCfg = Release|x86
		{20F87FD6-EEE7-484C-8EF1-536B9344BFBB}.Release|x86.Build.0 = Release|x86
		{579142CF-8EA0-4A9D-B33F-6FDE6C66E7F7}.Debug|Any CPU.ActiveCfg = Debug|Any CPU
		{579142CF-8EA0-4A9D-B33F-6FDE6C66E7F7}.Debug|Any CPU.Build.0 = Debug|Any CPU
		{579142CF-8EA0-4A9D-B33F-6FDE6C66E7F7}.Debug|x64.ActiveCfg = Debug|Any CPU
		{579142CF-8EA0-4A9D-B33F-6FDE6C66E7F7}.Debug|x64.Build.0 = Debug|Any CPU
		{579142CF-8EA0-4A9D-B33F-6FDE6C66E7F7}.Debug|x86.ActiveCfg = Debug|Any CPU
		{579142CF-8EA0-4A9D-B33F-6FDE6C66E7F7}.Debug|x86.Build.0 = Debug|Any CPU
		{579142CF-8EA0-4A9D-B33F-6FDE6C66E7F7}.Release|Any CPU.ActiveCfg = Release|Any CPU
		{579142CF-8EA0-4A9D-B33F-6FDE6C66E7F7}.Release|Any CPU.Build.0 = Release|Any CPU
		{579142CF-8EA0-4A9D-B33F-6FDE6C66E7F7}.Release|x64.ActiveCfg = Release|Any CPU
		{579142CF-8EA0-4A9D-B33F-6FDE6C66E7F7}.Release|x64.Build.0 = Release|Any CPU
		{579142CF-8EA0-4A9D-B33F-6FDE6C66E7F7}.Release|x86.ActiveCfg = Release|Any CPU
		{579142CF-8EA0-4A9D-B33F-6FDE6C66E7F7}.Release|x86.Build.0 = Release|Any CPU
		{F95C6E97-B885-4FE9-AFC9-21AD86B5D011}.Debug|Any CPU.ActiveCfg = Debug|Any CPU
		{F95C6E97-B885-4FE9-AFC9-21AD86B5D011}.Debug|Any CPU.Build.0 = Debug|Any CPU
		{F95C6E97-B885-4FE9-AFC9-21AD86B5D011}.Debug|x64.ActiveCfg = Debug|Any CPU
		{F95C6E97-B885-4FE9-AFC9-21AD86B5D011}.Debug|x64.Build.0 = Debug|Any CPU
		{F95C6E97-B885-4FE9-AFC9-21AD86B5D011}.Debug|x86.ActiveCfg = Debug|Any CPU
		{F95C6E97-B885-4FE9-AFC9-21AD86B5D011}.Debug|x86.Build.0 = Debug|Any CPU
		{F95C6E97-B885-4FE9-AFC9-21AD86B5D011}.Release|Any CPU.ActiveCfg = Release|Any CPU
		{F95C6E97-B885-4FE9-AFC9-21AD86B5D011}.Release|Any CPU.Build.0 = Release|Any CPU
		{F95C6E97-B885-4FE9-AFC9-21AD86B5D011}.Release|x64.ActiveCfg = Release|Any CPU
		{F95C6E97-B885-4FE9-AFC9-21AD86B5D011}.Release|x64.Build.0 = Release|Any CPU
		{F95C6E97-B885-4FE9-AFC9-21AD86B5D011}.Release|x86.ActiveCfg = Release|Any CPU
		{F95C6E97-B885-4FE9-AFC9-21AD86B5D011}.Release|x86.Build.0 = Release|Any CPU
	EndGlobalSection
	GlobalSection(SolutionProperties) = preSolution
		HideSolutionNode = FALSE
	EndGlobalSection
	GlobalSection(NestedProjects) = preSolution
		{764BA07D-1926-4030-B122-682BB05D89D6} = {A4BEA981-D2DE-4824-B41F-D2EA6D9D0AFC}
		{50AEE583-47B9-4E7B-9D4E-6C4F501A3873} = {A4BEA981-D2DE-4824-B41F-D2EA6D9D0AFC}
		{894B6506-1261-492E-89DC-E7C668EE301E} = {A4BEA981-D2DE-4824-B41F-D2EA6D9D0AFC}
		{20F87FD6-EEE7-484C-8EF1-536B9344BFBB} = {118C50C4-7555-4CED-B3A7-2AEA97D87C61}
		{579142CF-8EA0-4A9D-B33F-6FDE6C66E7F7} = {118C50C4-7555-4CED-B3A7-2AEA97D87C61}
		{F95C6E97-B885-4FE9-AFC9-21AD86B5D011} = {118C50C4-7555-4CED-B3A7-2AEA97D87C61}
	EndGlobalSection
	GlobalSection(ExtensibilityGlobals) = postSolution
		SolutionGuid = {D0959DEF-4725-40A6-9EB3-0E57E90C7677}
	EndGlobalSection
EndGlobal
